
Microsoft Visual Studio Solution File, Format Version 12.00
# Visual Studio Express 15 for Windows Desktop
VisualStudioVersion = 15.0.28307.2017
MinimumVisualStudioVersion = 10.0.40219.1
Project("{FAE04EC0-301F-11D3-BF4B-00C04F79EFBC}") = "MMLogger", "MMLogger\MMLogger.csproj", "{B9494358-CEF6-4ED1-82E2-ED1B457C4ACE}"
EndProject
Global
	GlobalSection(SolutionConfigurationPlatforms) = preSolution
		Debug|Any CPU = Debug|Any CPU
		Release|Any CPU = Release|Any CPU
	EndGlobalSection
	GlobalSection(ProjectConfigurationPlatforms) = postSolution
		{B9494358-CEF6-4ED1-82E2-ED1B457C4ACE}.Debug|Any CPU.ActiveCfg = Debug|Any CPU
		{B9494358-CEF6-4ED1-82E2-ED1B457C4ACE}.Debug|Any CPU.Build.0 = Debug|Any CPU
		{B9494358-CEF6-4ED1-82E2-ED1B457C4ACE}.Release|Any CPU.ActiveCfg = Release|Any CPU
		{B9494358-CEF6-4ED1-82E2-ED1B457C4ACE}.Release|Any CPU.Build.0 = Release|Any CPU
	EndGlobalSection
	GlobalSection(SolutionProperties) = preSolution
		HideSolutionNode = FALSE
	EndGlobalSection
	GlobalSection(ExtensibilityGlobals) = postSolution
		SolutionGuid = {6DC4FC4E-A8DB-4C64-BF5E-8F6721AB96D2}
	EndGlobalSection
EndGlobal
